// !$*UTF8*$!
{
	archiveVersion = 1;
	classes = {
	};
	objectVersion = 50;
	objects = {

/* Begin PBXBuildFile section */
		09DA64D2210F978400F557F2 /* AppDelegate.swift in Sources */ = {isa = PBXBuildFile; fileRef = 09DA64D1210F978400F557F2 /* AppDelegate.swift */; };
		09DA64D4210F978400F557F2 /* ViewController.swift in Sources */ = {isa = PBXBuildFile; fileRef = 09DA64D3210F978400F557F2 /* ViewController.swift */; };
		09DA64D7210F978400F557F2 /* Main.storyboard in Resources */ = {isa = PBXBuildFile; fileRef = 09DA64D5210F978400F557F2 /* Main.storyboard */; };
		09DA64D9210F978700F557F2 /* Assets.xcassets in Resources */ = {isa = PBXBuildFile; fileRef = 09DA64D8210F978700F557F2 /* Assets.xcassets */; };
		09DA64DC210F978700F557F2 /* LaunchScreen.storyboard in Resources */ = {isa = PBXBuildFile; fileRef = 09DA64DA210F978700F557F2 /* LaunchScreen.storyboard */; };
		7E8C305F6C6F49A17F9EC29E /* Pods_Saurabh_CF.framework in Frameworks */ = {isa = PBXBuildFile; fileRef = 99DCB0E19FCA3FC3467627FA /* Pods_Saurabh_CF.framework */; };
/* End PBXBuildFile section */

/* Begin PBXFileReference section */
		09DA64CE210F978400F557F2 /* Saurabh_CF.app */ = {isa = PBXFileReference; explicitFileType = wrapper.application; includeInIndex = 0; path = Saurabh_CF.app; sourceTree = BUILT_PRODUCTS_DIR; };
		09DA64D1210F978400F557F2 /* AppDelegate.swift */ = {isa = PBXFileReference; lastKnownFileType = sourcecode.swift; path = AppDelegate.swift; sourceTree = "<group>"; };
		09DA64D3210F978400F557F2 /* ViewController.swift */ = {isa = PBXFileReference; lastKnownFileType = sourcecode.swift; path = ViewController.swift; sourceTree = "<group>"; };
		09DA64D6210F978400F557F2 /* Base */ = {isa = PBXFileReference; lastKnownFileType = file.storyboard; name = Base; path = Base.lproj/Main.storyboard; sourceTree = "<group>"; };
		09DA64D8210F978700F557F2 /* Assets.xcassets */ = {isa = PBXFileReference; lastKnownFileType = folder.assetcatalog; path = Assets.xcassets; sourceTree = "<group>"; };
		09DA64DB210F978700F557F2 /* Base */ = {isa = PBXFileReference; lastKnownFileType = file.storyboard; name = Base; path = Base.lproj/LaunchScreen.storyboard; sourceTree = "<group>"; };
		09DA64DD210F978700F557F2 /* Info.plist */ = {isa = PBXFileReference; lastKnownFileType = text.plist.xml; path = Info.plist; sourceTree = "<group>"; };
		955E4AEC688C4A9630A1A99F /* Pods-Saurabh_CF.debug.xcconfig */ = {isa = PBXFileReference; includeInIndex = 1; lastKnownFileType = text.xcconfig; name = "Pods-Saurabh_CF.debug.xcconfig"; path = "Pods/Target Support Files/Pods-Saurabh_CF/Pods-Saurabh_CF.debug.xcconfig"; sourceTree = "<group>"; };
		99DCB0E19FCA3FC3467627FA /* Pods_Saurabh_CF.framework */ = {isa = PBXFileReference; explicitFileType = wrapper.framework; includeInIndex = 0; path = Pods_Saurabh_CF.framework; sourceTree = BUILT_PRODUCTS_DIR; };
		D2079C74590ADB5529A53D8C /* Pods-Saurabh_CF.release.xcconfig */ = {isa = PBXFileReference; includeInIndex = 1; lastKnownFileType = text.xcconfig; name = "Pods-Saurabh_CF.release.xcconfig"; path = "Pods/Target Support Files/Pods-Saurabh_CF/Pods-Saurabh_CF.release.xcconfig"; sourceTree = "<group>"; };
/* End PBXFileReference section */

/* Begin PBXFrameworksBuildPhase section */
		09DA64CB210F978400F557F2 /* Frameworks */ = {
			isa = PBXFrameworksBuildPhase;
			buildActionMask = 2147483647;
			files = (
				7E8C305F6C6F49A17F9EC29E /* Pods_Saurabh_CF.framework in Frameworks */,
			);
			runOnlyForDeploymentPostprocessing = 0;
		};
/* End PBXFrameworksBuildPhase section */

/* Begin PBXGroup section */
		09DA64C5210F978400F557F2 = {
			isa = PBXGroup;
			children = (
				09DA64D0210F978400F557F2 /* Saurabh_CF */,
				09DA64CF210F978400F557F2 /* Products */,
				49DE73212F930527C748DBFD /* Pods */,
				83418BF1CC790EDE96431DA6 /* Frameworks */,
			);
			sourceTree = "<group>";
		};
		09DA64CF210F978400F557F2 /* Products */ = {
			isa = PBXGroup;
			children = (
				09DA64CE210F978400F557F2 /* Saurabh_CF.app */,
			);
			name = Products;
			sourceTree = "<group>";
		};
		09DA64D0210F978400F557F2 /* Saurabh_CF */ = {
			isa = PBXGroup;
			children = (
				09DA64D1210F978400F557F2 /* AppDelegate.swift */,
				09DA64D3210F978400F557F2 /* ViewController.swift */,
				09DA64D5210F978400F557F2 /* Main.storyboard */,
				09DA64D8210F978700F557F2 /* Assets.xcassets */,
				09DA64DA210F978700F557F2 /* LaunchScreen.storyboard */,
				09DA64DD210F978700F557F2 /* Info.plist */,
			);
			path = Saurabh_CF;
			sourceTree = "<group>";
		};
		49DE73212F930527C748DBFD /* Pods */ = {
			isa = PBXGroup;
			children = (
				955E4AEC688C4A9630A1A99F /* Pods-Saurabh_CF.debug.xcconfig */,
				D2079C74590ADB5529A53D8C /* Pods-Saurabh_CF.release.xcconfig */,
			);
			name = Pods;
			sourceTree = "<group>";
		};
		83418BF1CC790EDE96431DA6 /* Frameworks */ = {
			isa = PBXGroup;
			children = (
				99DCB0E19FCA3FC3467627FA /* Pods_Saurabh_CF.framework */,
			);
			name = Frameworks;
			sourceTree = "<group>";
		};
/* End PBXGroup section */

/* Begin PBXNativeTarget section */
		09DA64CD210F978400F557F2 /* Saurabh_CF */ = {
			isa = PBXNativeTarget;
			buildConfigurationList = 09DA64E0210F978700F557F2 /* Build configuration list for PBXNativeTarget "Saurabh_CF" */;
			buildPhases = (
				6E9DD4507E571F3DFDEF4CCA /* [CP] Check Pods Manifest.lock */,
				09DA64CA210F978400F557F2 /* Sources */,
				09DA64CB210F978400F557F2 /* Frameworks */,
				09DA64CC210F978400F557F2 /* Resources */,
				FF1174BFCD6045754B5873A7 /* [CP] Embed Pods Frameworks */,
			);
			buildRules = (
			);
			dependencies = (
			);
			name = Saurabh_CF;
			productName = Saurabh_CF;
			productReference = 09DA64CE210F978400F557F2 /* Saurabh_CF.app */;
			productType = "com.apple.product-type.application";
		};
/* End PBXNativeTarget section */

/* Begin PBXProject section */
		09DA64C6210F978400F557F2 /* Project object */ = {
			isa = PBXProject;
			attributes = {
				LastSwiftUpdateCheck = 0940;
				LastUpgradeCheck = 0940;
				ORGANIZATIONNAME = saurabh;
				TargetAttributes = {
					09DA64CD210F978400F557F2 = {
						CreatedOnToolsVersion = 9.4.1;
					};
				};
			};
			buildConfigurationList = 09DA64C9210F978400F557F2 /* Build configuration list for PBXProject "Saurabh_CF" */;
			compatibilityVersion = "Xcode 9.3";
			developmentRegion = en;
			hasScannedForEncodings = 0;
			knownRegions = (
				en,
				Base,
			);
			mainGroup = 09DA64C5210F978400F557F2;
			productRefGroup = 09DA64CF210F978400F557F2 /* Products */;
			projectDirPath = "";
			projectRoot = "";
			targets = (
				09DA64CD210F978400F557F2 /* Saurabh_CF */,
			);
		};
/* End PBXProject section */

/* Begin PBXResourcesBuildPhase section */
		09DA64CC210F978400F557F2 /* Resources */ = {
			isa = PBXResourcesBuildPhase;
			buildActionMask = 2147483647;
			files = (
				09DA64DC210F978700F557F2 /* LaunchScreen.storyboard in Resources */,
				09DA64D9210F978700F557F2 /* Assets.xcassets in Resources */,
				09DA64D7210F978400F557F2 /* Main.storyboard in Resources */,
			);
			runOnlyForDeploymentPostprocessing = 0;
		};
/* End PBXResourcesBuildPhase section */

/* Begin PBXShellScriptBuildPhase section */
		6E9DD4507E571F3DFDEF4CCA /* [CP] Check Pods Manifest.lock */ = {
			isa = PBXShellScriptBuildPhase;
			buildActionMask = 2147483647;
			files = (
			);
			inputPaths = (
				"${PODS_PODFILE_DIR_PATH}/Podfile.lock",
				"${PODS_ROOT}/Manifest.lock",
			);
			name = "[CP] Check Pods Manifest.lock";
			outputPaths = (
				"$(DERIVED_FILE_DIR)/Pods-Saurabh_CF-checkManifestLockResult.txt",
			);
			runOnlyForDeploymentPostprocessing = 0;
			shellPath = /bin/sh;
			shellScript = "diff \"${PODS_PODFILE_DIR_PATH}/Podfile.lock\" \"${PODS_ROOT}/Manifest.lock\" > /dev/null\nif [ $? != 0 ] ; then\n    # print error to STDERR\n    echo \"error: The sandbox is not in sync with the Podfile.lock. Run 'pod install' or update your CocoaPods installation.\" >&2\n    exit 1\nfi\n# This output is used by Xcode 'outputs' to avoid re-running this script phase.\necho \"SUCCESS\" > \"${SCRIPT_OUTPUT_FILE_0}\"\n";
			showEnvVarsInLog = 0;
		};
		FF1174BFCD6045754B5873A7 /* [CP] Embed Pods Frameworks */ = {
			isa = PBXShellScriptBuildPhase;
			buildActionMask = 2147483647;
			files = (
			);
			inputPaths = (
				"${SRCROOT}/Pods/Target Support Files/Pods-Saurabh_CF/Pods-Saurabh_CF-frameworks.sh",
				"${BUILT_PRODUCTS_DIR}/Starscream/Starscream.framework",
			);
			name = "[CP] Embed Pods Frameworks";
			outputPaths = (
				"${TARGET_BUILD_DIR}/${FRAMEWORKS_FOLDER_PATH}/Starscream.framework",
			);
			runOnlyForDeploymentPostprocessing = 0;
			shellPath = /bin/sh;
			shellScript = "\"${SRCROOT}/Pods/Target Support Files/Pods-Saurabh_CF/Pods-Saurabh_CF-frameworks.sh\"\n";
			showEnvVarsInLog = 0;
		};
/* End PBXShellScriptBuildPhase section */

/* Begin PBXSourcesBuildPhase section */
		09DA64CA210F978400F557F2 /* Sources */ = {
			isa = PBXSourcesBuildPhase;
			buildActionMask = 2147483647;
			files = (
				09DA64D4210F978400F557F2 /* ViewController.swift in Sources */,
				09DA64D2210F978400F557F2 /* AppDelegate.swift in Sources */,
			);
			runOnlyForDeploymentPostprocessing = 0;
		};
/* End PBXSourcesBuildPhase section */

/* Begin PBXVariantGroup section */
		09DA64D5210F978400F557F2 /* Main.storyboard */ = {
			isa = PBXVariantGroup;
			children = (
				09DA64D6210F978400F557F2 /* Base */,
			);
			name = Main.storyboard;
			sourceTree = "<group>";
		};
		09DA64DA210F978700F557F2 /* LaunchScreen.storyboard */ = {
			isa = PBXVariantGroup;
			children = (
				09DA64DB210F978700F557F2 /* Base */,
			);
			name = LaunchScreen.storyboard;
			sourceTree = "<group>";
		};
/* End PBXVariantGroup section */

/* Begin XCBuildConfiguration section */
		09DA64DE210F978700F557F2 /* Debug */ = {
			isa = XCBuildConfiguration;
			buildSettings = {
				ALWAYS_SEARCH_USER_PATHS = NO;
				CLANG_ANALYZER_NONNULL = YES;
				CLANG_ANALYZER_NUMBER_OBJECT_CONVERSION = YES_AGGRESSIVE;
				CLANG_CXX_LANGUAGE_STANDARD = "gnu++14";
				CLANG_CXX_LIBRARY = "libc++";
				CLANG_ENABLE_MODULES = YES;
				CLANG_ENABLE_OBJC_ARC = YES;
				CLANG_ENABLE_OBJC_WEAK = YES;
				CLANG_WARN_BLOCK_CAPTURE_AUTORELEASING = YES;
				CLANG_WARN_BOOL_CONVERSION = YES;
				CLANG_WARN_COMMA = YES;
				CLANG_WARN_CONSTANT_CONVERSION = YES;
				CLANG_WARN_DEPRECATED_OBJC_IMPLEMENTATIONS = YES;
				CLANG_WARN_DIRECT_OBJC_ISA_USAGE = YES_ERROR;
				CLANG_WARN_DOCUMENTATION_COMMENTS = YES;
				CLANG_WARN_EMPTY_BODY = YES;
				CLANG_WARN_ENUM_CONVERSION = YES;
				CLANG_WARN_INFINITE_RECURSION = YES;
				CLANG_WARN_INT_CONVERSION = YES;
				CLANG_WARN_NON_LITERAL_NULL_CONVERSION = YES;
				CLANG_WARN_OBJC_IMPLICIT_RETAIN_SELF = YES;
				CLANG_WARN_OBJC_LITERAL_CONVERSION = YES;
				CLANG_WARN_OBJC_ROOT_CLASS = YES_ERROR;
				CLANG_WARN_RANGE_LOOP_ANALYSIS = YES;
				CLANG_WARN_STRICT_PROTOTYPES = YES;
				CLANG_WARN_SUSPICIOUS_MOVE = YES;
				CLANG_WARN_UNGUARDED_AVAILABILITY = YES_AGGRESSIVE;
				CLANG_WARN_UNREACHABLE_CODE = YES;
				CLANG_WARN__DUPLICATE_METHOD_MATCH = YES;
				CODE_SIGN_IDENTITY = "iPhone Developer";
				COPY_PHASE_STRIP = NO;
				DEBUG_INFORMATION_FORMAT = dwarf;
				ENABLE_STRICT_OBJC_MSGSEND = YES;
				ENABLE_TESTABILITY = YES;
				GCC_C_LANGUAGE_STANDARD = gnu11;
				GCC_DYNAMIC_NO_PIC = NO;
				GCC_NO_COMMON_BLOCKS = YES;
				GCC_OPTIMIZATION_LEVEL = 0;
				GCC_PREPROCESSOR_DEFINITIONS = (
					"DEBUG=1",
					"$(inherited)",
				);
				GCC_WARN_64_TO_32_BIT_CONVERSION = YES;
				GCC_WARN_ABOUT_RETURN_TYPE = YES_ERROR;
				GCC_WARN_UNDECLARED_SELECTOR = YES;
				GCC_WARN_UNINITIALIZED_AUTOS = YES_AGGRESSIVE;
				GCC_WARN_UNUSED_FUNCTION = YES;
				GCC_WARN_UNUSED_VARIABLE = YES;
				IPHONEOS_DEPLOYMENT_TARGET = 11.4;
				MTL_ENABLE_DEBUG_INFO = YES;
				ONLY_ACTIVE_ARCH = YES;
				SDKROOT = iphoneos;
				SWIFT_ACTIVE_COMPILATION_CONDITIONS = DEBUG;
				SWIFT_OPTIMIZATION_LEVEL = "-Onone";
			};
			name = Debug;
		};
		09DA64DF210F978700F557F2 /* Release */ = {
			isa = XCBuildConfiguration;
			buildSettings = {
				ALWAYS_SEARCH_USER_PATHS = NO;
				CLANG_ANALYZER_NONNULL = YES;
				CLANG_ANALYZER_NUMBER_OBJECT_CONVERSION = YES_AGGRESSIVE;
				CLANG_CXX_LANGUAGE_STANDARD = "gnu++14";
				CLANG_CXX_LIBRARY = "libc++";
				CLANG_ENABLE_MODULES = YES;
				CLANG_ENABLE_OBJC_ARC = YES;
				CLANG_ENABLE_OBJC_WEAK = YES;
				CLANG_WARN_BLOCK_CAPTURE_AUTORELEASING = YES;
				CLANG_WARN_BOOL_CONVERSION = YES;
				CLANG_WARN_COMMA = YES;
				CLANG_WARN_CONSTANT_CONVERSION = YES;
				CLANG_WARN_DEPRECATED_OBJC_IMPLEMENTATIONS = YES;
				CLANG_WARN_DIRECT_OBJC_ISA_USAGE = YES_ERROR;
				CLANG_WARN_DOCUMENTATION_COMMENTS = YES;
				CLANG_WARN_EMPTY_BODY = YES;
				CLANG_WARN_ENUM_CONVERSION = YES;
				CLANG_WARN_INFINITE_RECURSION = YES;
				CLANG_WARN_INT_CONVERSION = YES;
				CLANG_WARN_NON_LITERAL_NULL_CONVERSION = YES;
				CLANG_WARN_OBJC_IMPLICIT_RETAIN_SELF = YES;
				CLANG_WARN_OBJC_LITERAL_CONVERSION = YES;
				CLANG_WARN_OBJC_ROOT_CLASS = YES_ERROR;
				CLANG_WARN_RANGE_LOOP_ANALYSIS = YES;
				CLANG_WARN_STRICT_PROTOTYPES = YES;
				CLANG_WARN_SUSPICIOUS_MOVE = YES;
				CLANG_WARN_UNGUARDED_AVAILABILITY = YES_AGGRESSIVE;
				CLANG_WARN_UNREACHABLE_CODE = YES;
				CLANG_WARN__DUPLICATE_METHOD_MATCH = YES;
				CODE_SIGN_IDENTITY = "iPhone Developer";
				COPY_PHASE_STRIP = NO;
				DEBUG_INFORMATION_FORMAT = "dwarf-with-dsym";
				ENABLE_NS_ASSERTIONS = NO;
				ENABLE_STRICT_OBJC_MSGSEND = YES;
				GCC_C_LANGUAGE_STANDARD = gnu11;
				GCC_NO_COMMON_BLOCKS = YES;
				GCC_WARN_64_TO_32_BIT_CONVERSION = YES;
				GCC_WARN_ABOUT_RETURN_TYPE = YES_ERROR;
				GCC_WARN_UNDECLARED_SELECTOR = YES;
				GCC_WARN_UNINITIALIZED_AUTOS = YES_AGGRESSIVE;
				GCC_WARN_UNUSED_FUNCTION = YES;
				GCC_WARN_UNUSED_VARIABLE = YES;
				IPHONEOS_DEPLOYMENT_TARGET = 11.4;
				MTL_ENABLE_DEBUG_INFO = NO;
				SDKROOT = iphoneos;
				SWIFT_COMPILATION_MODE = wholemodule;
				SWIFT_OPTIMIZATION_LEVEL = "-O";
				VALIDATE_PRODUCT = YES;
			};
			name = Release;
		};
		09DA64E1210F978700F557F2 /* Debug */ = {
			isa = XCBuildConfiguration;
			baseConfigurationReference = 955E4AEC688C4A9630A1A99F /* Pods-Saurabh_CF.debug.xcconfig */;
			buildSettings = {
				ASSETCATALOG_COMPILER_APPICON_NAME = AppIcon;
				CODE_SIGN_STYLE = Automatic;
				DEVELOPMENT_TEAM = WAGXRCHGD8;
				INFOPLIST_FILE = Saurabh_CF/Info.plist;
				IPHONEOS_DEPLOYMENT_TARGET = 10.0;
				LD_RUNPATH_SEARCH_PATHS = (
					"$(inherited)",
					"@executable_path/Frameworks",
				);
				PRODUCT_BUNDLE_IDENTIFIER = "com.saurabh.app.Saurabh-CF";
				PRODUCT_NAME = "$(TARGET_NAME)";
				SWIFT_VERSION = 4.0;
				TARGETED_DEVICE_FAMILY = "1,2";
			};
			name = Debug;
		};
		09DA64E2210F978700F557F2 /* Release */ = {
			isa = XCBuildConfiguration;
			baseConfigurationReference = D2079C74590ADB5529A53D8C /* Pods-Saurabh_CF.release.xcconfig */;
			buildSettings = {
				ASSETCATALOG_COMPILER_APPICON_NAME = AppIcon;
				CODE_SIGN_STYLE = Automatic;
				DEVELOPMENT_TEAM = WAGXRCHGD8;
				INFOPLIST_FILE = Saurabh_CF/Info.plist;
				IPHONEOS_DEPLOYMENT_TARGET = 10.0;
				LD_RUNPATH_SEARCH_PATHS = (
					"$(inherited)",
					"@executable_path/Frameworks",
				);
				PRODUCT_BUNDLE_IDENTIFIER = "com.saurabh.app.Saurabh-CF";
				PRODUCT_NAME = "$(TARGET_NAME)";
				SWIFT_VERSION = 4.0;
				TARGETED_DEVICE_FAMILY = "1,2";
			};
			name = Release;
		};
/* End XCBuildConfiguration section */

/* Begin XCConfigurationList section */
		09DA64C9210F978400F557F2 /* Build configuration list for PBXProject "Saurabh_CF" */ = {
			isa = XCConfigurationList;
			buildConfigurations = (
				09DA64DE210F978700F557F2 /* Debug */,
				09DA64DF210F978700F557F2 /* Release */,
			);
			defaultConfigurationIsVisible = 0;
			defaultConfigurationName = Release;
		};
		09DA64E0210F978700F557F2 /* Build configuration list for PBXNativeTarget "Saurabh_CF" */ = {
			isa = XCConfigurationList;
			buildConfigurations = (
				09DA64E1210F978700F557F2 /* Debug */,
				09DA64E2210F978700F557F2 /* Release */,
			);
			defaultConfigurationIsVisible = 0;
			defaultConfigurationName = Release;
		};
/* End XCConfigurationList section */
	};
	rootObject = 09DA64C6210F978400F557F2 /* Project object */;
}
